
Microsoft Visual Studio Solution File, Format Version 12.00
# Visual Studio 2015
Project("{FAE04EC0-301F-11D3-BF4B-00C04F79EFBC}") = "NodeEditorFinal.CSharp.Plugins", "NodeEditorFinal.CSharp.Plugins.csproj", "{4D3479DC-CC31-6FB8-04F0-471D94571233}"
EndProject
Project("{FAE04EC0-301F-11D3-BF4B-00C04F79EFBC}") = "NodeEditorFinal.CSharp", "NodeEditorFinal.CSharp.csproj", "{A3317947-7179-F5D5-1FF7-A5D87C6A620A}"
EndProject
Project("{FAE04EC0-301F-11D3-BF4B-00C04F79EFBC}") = "NodeEditorFinal.CSharp.Editor", "NodeEditorFinal.CSharp.Editor.csproj", "{FE48C45E-E9F7-0363-6B5A-40C915EAC2ED}"
EndProject
Global
	GlobalSection(SolutionConfigurationPlatforms) = preSolution
		Debug|Any CPU = Debug|Any CPU
		Release|Any CPU = Release|Any CPU
	EndGlobalSection
	GlobalSection(ProjectConfigurationPlatforms) = postSolution
		{4D3479DC-CC31-6FB8-04F0-471D94571233}.Debug|Any CPU.ActiveCfg = Debug|Any CPU
		{4D3479DC-CC31-6FB8-04F0-471D94571233}.Debug|Any CPU.Build.0 = Debug|Any CPU
		{4D3479DC-CC31-6FB8-04F0-471D94571233}.Release|Any CPU.ActiveCfg = Release|Any CPU
		{4D3479DC-CC31-6FB8-04F0-471D94571233}.Release|Any CPU.Build.0 = Release|Any CPU
		{A3317947-7179-F5D5-1FF7-A5D87C6A620A}.Debug|Any CPU.ActiveCfg = Debug|Any CPU
		{A3317947-7179-F5D5-1FF7-A5D87C6A620A}.Debug|Any CPU.Build.0 = Debug|Any CPU
		{A3317947-7179-F5D5-1FF7-A5D87C6A620A}.Release|Any CPU.ActiveCfg = Release|Any CPU
		{A3317947-7179-F5D5-1FF7-A5D87C6A620A}.Release|Any CPU.Build.0 = Release|Any CPU
		{FE48C45E-E9F7-0363-6B5A-40C915EAC2ED}.Debug|Any CPU.ActiveCfg = Debug|Any CPU
		{FE48C45E-E9F7-0363-6B5A-40C915EAC2ED}.Debug|Any CPU.Build.0 = Debug|Any CPU
		{FE48C45E-E9F7-0363-6B5A-40C915EAC2ED}.Release|Any CPU.ActiveCfg = Release|Any CPU
		{FE48C45E-E9F7-0363-6B5A-40C915EAC2ED}.Release|Any CPU.Build.0 = Release|Any CPU
	EndGlobalSection
	GlobalSection(SolutionProperties) = preSolution
		HideSolutionNode = FALSE
	EndGlobalSection
EndGlobal
