
Microsoft Visual Studio Solution File, Format Version 12.00
# Visual Studio 2015
Project("{FAE04EC0-301F-11D3-BF4B-00C04F79EFBC}") = "NodeEditorTestProject.CSharp", "NodeEditorTestProject.CSharp.csproj", "{B3773093-5FB5-B33C-41D2-3DCBD051D710}"
EndProject
Project("{FAE04EC0-301F-11D3-BF4B-00C04F79EFBC}") = "NodeEditorTestProject.CSharp.Editor", "NodeEditorTestProject.CSharp.Editor.csproj", "{5E330081-640D-53C6-D99D-B02879A43F4E}"
EndProject
Global
	GlobalSection(SolutionConfigurationPlatforms) = preSolution
		Debug|Any CPU = Debug|Any CPU
		Release|Any CPU = Release|Any CPU
	EndGlobalSection
	GlobalSection(ProjectConfigurationPlatforms) = postSolution
		{B3773093-5FB5-B33C-41D2-3DCBD051D710}.Debug|Any CPU.ActiveCfg = Debug|Any CPU
		{B3773093-5FB5-B33C-41D2-3DCBD051D710}.Debug|Any CPU.Build.0 = Debug|Any CPU
		{B3773093-5FB5-B33C-41D2-3DCBD051D710}.Release|Any CPU.ActiveCfg = Release|Any CPU
		{B3773093-5FB5-B33C-41D2-3DCBD051D710}.Release|Any CPU.Build.0 = Release|Any CPU
		{5E330081-640D-53C6-D99D-B02879A43F4E}.Debug|Any CPU.ActiveCfg = Debug|Any CPU
		{5E330081-640D-53C6-D99D-B02879A43F4E}.Debug|Any CPU.Build.0 = Debug|Any CPU
		{5E330081-640D-53C6-D99D-B02879A43F4E}.Release|Any CPU.ActiveCfg = Release|Any CPU
		{5E330081-640D-53C6-D99D-B02879A43F4E}.Release|Any CPU.Build.0 = Release|Any CPU
	EndGlobalSection
	GlobalSection(SolutionProperties) = preSolution
		HideSolutionNode = FALSE
	EndGlobalSection
EndGlobal
